dependencies:
- name: redis
  repository: https://charts.bitnami.com/bitnami
  version: 12.7.7
- name: ghost
  repository: https://charts.bitnami.com/bitnami
  version: 17.0.6
- name: consul
  repository: https://charts.bitnami.com/bitnami
  version: 10.4.0
- name: kibana
  repository: https://charts.bitnami.com/bitnami
  version: 10.0.6
digest: sha256:dbfa0aee0d83f7412b4bf60dae30544eaf85dbfab637200234a320d3b4b31545
generated: "2022-05-18T16:27:04.349534+05:30"
