dependencies:
- name: redis
  repository: https://charts.bitnami.com/bitnami
  version: 12.10.1
- name: ghost
  repository: https://charts.bitnami.com/bitnami
  version: 17.0.6
- name: cert-manager
  repository: https://charts.bitnami.com/bitnami
  version: 0.4.17
digest: sha256:b0be722bef4d147bd33e1a43c399a9272c5b8c9d358670e9551fc5fd6db21ea2
generated: "2022-05-18T19:33:37.107601+05:30"
