dependencies:
- name: redis
  repository: https://charts.bitnami.com/bitnami
  version: 12.10.1
- name: ghost
  repository: https://charts.bitnami.com/bitnami
  version: 17.0.6
digest: sha256:aceb5beb74bbeb72e16c138299115c5b8103a7b1bc49b11233c382b1baaacb1b
generated: "2022-05-18T21:54:40.335532+05:30"
